
Microsoft Visual Studio Solution File, Format Version 12.00
# Visual Studio Version 17
VisualStudioVersion = 17.10.35013.160
MinimumVisualStudioVersion = 10.0.40219.1
Project("{FAE04EC0-301F-11D3-BF4B-00C04F79EFBC}") = "ASM2_DB_Winform", "ASM2_DB_Winform.csproj", "{E90D77FA-386F-42DD-B90B-43B188BB0F09}"
EndProject
Global
	GlobalSection(SolutionConfigurationPlatforms) = preSolution
		Debug|Any CPU = Debug|Any CPU
		Release|Any CPU = Release|Any CPU
	EndGlobalSection
	GlobalSection(ProjectConfigurationPlatforms) = postSolution
		{E90D77FA-386F-42DD-B90B-43B188BB0F09}.Debug|Any CPU.ActiveCfg = Debug|Any CPU
		{E90D77FA-386F-42DD-B90B-43B188BB0F09}.Debug|Any CPU.Build.0 = Debug|Any CPU
		{E90D77FA-386F-42DD-B90B-43B188BB0F09}.Release|Any CPU.ActiveCfg = Release|Any CPU
		{E90D77FA-386F-42DD-B90B-43B188BB0F09}.Release|Any CPU.Build.0 = Release|Any CPU
	EndGlobalSection
	GlobalSection(SolutionProperties) = preSolution
		HideSolutionNode = FALSE
	EndGlobalSection
	GlobalSection(ExtensibilityGlobals) = postSolution
		SolutionGuid = {C2C0666D-9E7B-42B5-9136-B9C19B19E856}
	EndGlobalSection
EndGlobal
